
Microsoft Visual Studio Solution File, Format Version 12.00
# Visual Studio Version 16
VisualStudioVersion = 16.0.30503.244
MinimumVisualStudioVersion = 10.0.40219.1
Project("{FAE04EC0-301F-11D3-BF4B-00C04F79EFBC}") = "CafeCaspianTests", "CafeCaspianTests\CafeCaspianTests.csproj", "{EF3C6D94-DCAB-4F9F-B83C-7E61CC74E05B}"
EndProject
Global
	GlobalSection(SolutionConfigurationPlatforms) = preSolution
		Debug|Any CPU = Debug|Any CPU
		Release|Any CPU = Release|Any CPU
	EndGlobalSection
	GlobalSection(ProjectConfigurationPlatforms) = postSolution
		{EF3C6D94-DCAB-4F9F-B83C-7E61CC74E05B}.Debug|Any CPU.ActiveCfg = Debug|Any CPU
		{EF3C6D94-DCAB-4F9F-B83C-7E61CC74E05B}.Debug|Any CPU.Build.0 = Debug|Any CPU
		{EF3C6D94-DCAB-4F9F-B83C-7E61CC74E05B}.Release|Any CPU.ActiveCfg = Release|Any CPU
		{EF3C6D94-DCAB-4F9F-B83C-7E61CC74E05B}.Release|Any CPU.Build.0 = Release|Any CPU
	EndGlobalSection
	GlobalSection(SolutionProperties) = preSolution
		HideSolutionNode = FALSE
	EndGlobalSection
	GlobalSection(ExtensibilityGlobals) = postSolution
		SolutionGuid = {ABFE5584-0670-42E2-9CC4-D05BEFA65A75}
	EndGlobalSection
EndGlobal
